
Microsoft Visual Studio Solution File, Format Version 12.00
# Visual Studio 15
VisualStudioVersion = 15.0.28307.645
MinimumVisualStudioVersion = 10.0.40219.1
Project("{FAE04EC0-301F-11D3-BF4B-00C04F79EFBC}") = "ServerMiddleware", "ServerMiddleware\ServerMiddleware.csproj", "{3B492101-6E27-4DA5-8573-85942E9E628C}"
EndProject
Project("{FAE04EC0-301F-11D3-BF4B-00C04F79EFBC}") = "MiddlewareDS", "MiddlewareDS\MiddlewareDS.csproj", "{34EA0A47-77F6-4DED-AB8E-A54D6D8FD6F3}"
EndProject
Project("{FAE04EC0-301F-11D3-BF4B-00C04F79EFBC}") = "ServerMiddlewareWatchDog", "ServerMiddlewareWatchDog\ServerMiddlewareWatchDog.csproj", "{62AC51CD-8E16-44BB-A725-862D9E778924}"
EndProject
Global
	GlobalSection(SolutionConfigurationPlatforms) = preSolution
		Debug|Any CPU = Debug|Any CPU
		Release|Any CPU = Release|Any CPU
	EndGlobalSection
	GlobalSection(ProjectConfigurationPlatforms) = postSolution
		{3B492101-6E27-4DA5-8573-85942E9E628C}.Debug|Any CPU.ActiveCfg = Debug|Any CPU
		{3B492101-6E27-4DA5-8573-85942E9E628C}.Debug|Any CPU.Build.0 = Debug|Any CPU
		{3B492101-6E27-4DA5-8573-85942E9E628C}.Release|Any CPU.ActiveCfg = Release|Any CPU
		{3B492101-6E27-4DA5-8573-85942E9E628C}.Release|Any CPU.Build.0 = Release|Any CPU
		{34EA0A47-77F6-4DED-AB8E-A54D6D8FD6F3}.Debug|Any CPU.ActiveCfg = Debug|Any CPU
		{34EA0A47-77F6-4DED-AB8E-A54D6D8FD6F3}.Debug|Any CPU.Build.0 = Debug|Any CPU
		{34EA0A47-77F6-4DED-AB8E-A54D6D8FD6F3}.Release|Any CPU.ActiveCfg = Release|Any CPU
		{34EA0A47-77F6-4DED-AB8E-A54D6D8FD6F3}.Release|Any CPU.Build.0 = Release|Any CPU
		{62AC51CD-8E16-44BB-A725-862D9E778924}.Debug|Any CPU.ActiveCfg = Debug|Any CPU
		{62AC51CD-8E16-44BB-A725-862D9E778924}.Debug|Any CPU.Build.0 = Debug|Any CPU
		{62AC51CD-8E16-44BB-A725-862D9E778924}.Release|Any CPU.ActiveCfg = Release|Any CPU
		{62AC51CD-8E16-44BB-A725-862D9E778924}.Release|Any CPU.Build.0 = Release|Any CPU
	EndGlobalSection
	GlobalSection(SolutionProperties) = preSolution
		HideSolutionNode = FALSE
	EndGlobalSection
	GlobalSection(ExtensibilityGlobals) = postSolution
		SolutionGuid = {05CEE06A-8CD2-4BD1-B2EE-3E63145BA657}
	EndGlobalSection
EndGlobal
